
Microsoft Visual Studio Solution File, Format Version 12.00
# Visual Studio Version 17
VisualStudioVersion = 17.14.36414.22
MinimumVisualStudioVersion = 10.0.40219.1
Project("{8BC9CEB8-8B4A-11D0-8D11-00A0C91BC942}") = "BankAccount", "BankAccount\BankAccount.vcxproj", "{82C2C0E8-7463-4582-8454-342914EAE20D}"
EndProject
Project("{8BC9CEB8-8B4A-11D0-8D11-00A0C91BC942}") = "HelloArrays", "HelloArrays\HelloArrays.vcxproj", "{005811E9-644D-4AA6-8268-2D36F56EDBC0}"
EndProject
Project("{8BC9CEB8-8B4A-11D0-8D11-00A0C91BC942}") = "HelloCppArray", "HelloCppArray\HelloCppArray.vcxproj", "{964D3820-F3A2-4F6C-880C-B86B1476F8C9}"
EndProject
Project("{8BC9CEB8-8B4A-11D0-8D11-00A0C91BC942}") = "HelloEndl", "HelloEndl\HelloEndl.vcxproj", "{1A5C7C07-A304-4AEF-90FB-A69C223F0FC1}"
EndProject
Project("{8BC9CEB8-8B4A-11D0-8D11-00A0C91BC942}") = "HelloFileIO", "HelloFileIO\HelloFileIO.vcxproj", "{DD6803FC-63BC-4641-91AA-82A4EFCC5A6C}"
EndProject
Project("{8BC9CEB8-8B4A-11D0-8D11-00A0C91BC942}") = "HelloManipulator", "HelloManipulator\HelloManipulator.vcxproj", "{F9108400-DE2E-4DF2-B364-DFE755D5868A}"
EndProject
Project("{8BC9CEB8-8B4A-11D0-8D11-00A0C91BC942}") = "HelloMethods", "HelloMethods\HelloMethods.vcxproj", "{286CAFF4-7286-4AA2-AE03-6CD934A539D4}"
EndProject
Project("{8BC9CEB8-8B4A-11D0-8D11-00A0C91BC942}") = "HelloReplaceString", "HelloReplaceString\HelloReplaceString.vcxproj", "{C6935EE0-773F-4889-AB4F-77D902FC3986}"
EndProject
Project("{8BC9CEB8-8B4A-11D0-8D11-00A0C91BC942}") = "HelloStrings", "HelloStrings\HelloStrings.vcxproj", "{B47B6FDC-6DB2-4978-AA7E-E55AAEBA4938}"
EndProject
Project("{8BC9CEB8-8B4A-11D0-8D11-00A0C91BC942}") = "HelloStringStream", "HelloStringStream\HelloStringStream.vcxproj", "{71AB25A5-0F43-4DAA-AC47-F8A8BC1E9EEC}"
EndProject
Project("{8BC9CEB8-8B4A-11D0-8D11-00A0C91BC942}") = "HelloVector", "HelloVector\HelloVector.vcxproj", "{5FDE1F3A-43D0-4404-8DF4-E26D6629B6FC}"
EndProject
Project("{8BC9CEB8-8B4A-11D0-8D11-00A0C91BC942}") = "HelloWorld", "HelloWorld\HelloWorld.vcxproj", "{4A97CC9C-5013-42AF-8A7D-9044A96BB7B5}"
EndProject
Project("{8BC9CEB8-8B4A-11D0-8D11-00A0C91BC942}") = "Iterator", "Iterator\Iterator.vcxproj", "{35FE7BE7-192A-4BDB-86DD-4ACC2353DDBA}"
EndProject
Project("{8BC9CEB8-8B4A-11D0-8D11-00A0C91BC942}") = "StudentDate", "StudentDate\StudentDate.vcxproj", "{98CFDE9E-8B33-46D6-8953-1B0F5B8194B0}"
EndProject
Project("{8BC9CEB8-8B4A-11D0-8D11-00A0C91BC942}") = "Tuple", "Tuple\Tuple.vcxproj", "{0D3AB995-426F-491C-8975-0CD62D42B600}"
EndProject
Project("{8BC9CEB8-8B4A-11D0-8D11-00A0C91BC942}") = "Friends", "Union\Union.vcxproj", "{F6B75E73-687B-4AB3-93C0-13AE1DF94A9F}"
EndProject
Project("{8BC9CEB8-8B4A-11D0-8D11-00A0C91BC942}") = "HelloPointer", "HelloPointer\HelloPointer.vcxproj", "{A4032210-9856-4719-BF0C-79D2F81C6B40}"
EndProject
Project("{8BC9CEB8-8B4A-11D0-8D11-00A0C91BC942}") = "ConcreteLinkedList", "ConcreteLinkedList\ConcreteLinkedList.vcxproj", "{737CF8B1-0033-4540-9755-9754E8914748}"
EndProject
Project("{8BC9CEB8-8B4A-11D0-8D11-00A0C91BC942}") = "Expression", "Expression\Expression.vcxproj", "{01D5C288-5A76-437A-8DE3-940B770C5E92}"
EndProject
Project("{8BC9CEB8-8B4A-11D0-8D11-00A0C91BC942}") = "FileCopyStream", "FileCopyStream\FileCopyStream.vcxproj", "{92C905D1-15A9-4157-8FE2-AE40199CCC8C}"
EndProject
Project("{8BC9CEB8-8B4A-11D0-8D11-00A0C91BC942}") = "FileWriteRead", "FileWriteRead\FileWriteRead.vcxproj", "{DC490BC9-F009-44E3-B704-CDA6389B9F7C}"
EndProject
Project("{8BC9CEB8-8B4A-11D0-8D11-00A0C91BC942}") = "GenericStack", "GenericStack\GenericStack.vcxproj", "{1BC3EAB4-23EC-4516-9217-62F85BB2699F}"
EndProject
Project("{8BC9CEB8-8B4A-11D0-8D11-00A0C91BC942}") = "HelloAlgorithm", "HelloAlgorithm\HelloAlgorithm.vcxproj", "{8D179190-57C6-4D0B-A769-69B4DD8BFE7E}"
EndProject
Project("{8BC9CEB8-8B4A-11D0-8D11-00A0C91BC942}") = "Rational", "Rational\Rational.vcxproj", "{2FB3379E-86B7-48D8-BEBE-0DB73A88F405}"
EndProject
Project("{8BC9CEB8-8B4A-11D0-8D11-00A0C91BC942}") = "TemplateLinkedList", "TemplateLinkedList\TemplateLinkedList.vcxproj", "{3D1CC16A-5D6A-4B6D-9492-3981FFD9C973}"
EndProject
Project("{8BC9CEB8-8B4A-11D0-8D11-00A0C91BC942}") = "AssignmentOpetator", "AssignmentOpetator\AssignmentOpetator.vcxproj", "{041A8E6F-98B9-4647-B273-4924BB013C3A}"
EndProject
Project("{8BC9CEB8-8B4A-11D0-8D11-00A0C91BC942}") = "FriendClass", "FriendClass\FriendClass.vcxproj", "{A4DAB82B-F5DE-4976-98B1-6A28EC5B9FFE}"
EndProject
Project("{8BC9CEB8-8B4A-11D0-8D11-00A0C91BC942}") = "FriendFunction", "FriendFunction\FriendFunction.vcxproj", "{2F0B8739-B1D1-4F6C-9552-EC367191117E}"
EndProject
Project("{8BC9CEB8-8B4A-11D0-8D11-00A0C91BC942}") = "ObjectOverloading", "ObjectOverloading\ObjectOverloading.vcxproj", "{E094177E-0D3A-43CE-89C8-D402A04692C2}"
EndProject
Project("{8BC9CEB8-8B4A-11D0-8D11-00A0C91BC942}") = "PriorityQueue", "PriorityQueue\PriorityQueue.vcxproj", "{D143765E-013D-49BD-9231-64477D990267}"
EndProject
Project("{8BC9CEB8-8B4A-11D0-8D11-00A0C91BC942}") = "RationalOverloading", "RationalOverloading\RationalOverloading.vcxproj", "{9B0E5EFF-57F9-4D94-ABA3-F39FA8631F0E}"
EndProject
Global
	GlobalSection(SolutionConfigurationPlatforms) = preSolution
		Debug|x64 = Debug|x64
		Debug|x86 = Debug|x86
		Release|x64 = Release|x64
		Release|x86 = Release|x86
	EndGlobalSection
	GlobalSection(ProjectConfigurationPlatforms) = postSolution
		{82C2C0E8-7463-4582-8454-342914EAE20D}.Debug|x64.ActiveCfg = Debug|x64
		{82C2C0E8-7463-4582-8454-342914EAE20D}.Debug|x64.Build.0 = Debug|x64
		{82C2C0E8-7463-4582-8454-342914EAE20D}.Debug|x86.ActiveCfg = Debug|Win32
		{82C2C0E8-7463-4582-8454-342914EAE20D}.Debug|x86.Build.0 = Debug|Win32
		{82C2C0E8-7463-4582-8454-342914EAE20D}.Release|x64.ActiveCfg = Release|x64
		{82C2C0E8-7463-4582-8454-342914EAE20D}.Release|x64.Build.0 = Release|x64
		{82C2C0E8-7463-4582-8454-342914EAE20D}.Release|x86.ActiveCfg = Release|Win32
		{82C2C0E8-7463-4582-8454-342914EAE20D}.Release|x86.Build.0 = Release|Win32
		{005811E9-644D-4AA6-8268-2D36F56EDBC0}.Debug|x64.ActiveCfg = Debug|x64
		{005811E9-644D-4AA6-8268-2D36F56EDBC0}.Debug|x64.Build.0 = Debug|x64
		{005811E9-644D-4AA6-8268-2D36F56EDBC0}.Debug|x86.ActiveCfg = Debug|Win32
		{005811E9-644D-4AA6-8268-2D36F56EDBC0}.Debug|x86.Build.0 = Debug|Win32
		{005811E9-644D-4AA6-8268-2D36F56EDBC0}.Release|x64.ActiveCfg = Release|x64
		{005811E9-644D-4AA6-8268-2D36F56EDBC0}.Release|x64.Build.0 = Release|x64
		{005811E9-644D-4AA6-8268-2D36F56EDBC0}.Release|x86.ActiveCfg = Release|Win32
		{005811E9-644D-4AA6-8268-2D36F56EDBC0}.Release|x86.Build.0 = Release|Win32
		{964D3820-F3A2-4F6C-880C-B86B1476F8C9}.Debug|x64.ActiveCfg = Debug|x64
		{964D3820-F3A2-4F6C-880C-B86B1476F8C9}.Debug|x64.Build.0 = Debug|x64
		{964D3820-F3A2-4F6C-880C-B86B1476F8C9}.Debug|x86.ActiveCfg = Debug|Win32
		{964D3820-F3A2-4F6C-880C-B86B1476F8C9}.Debug|x86.Build.0 = Debug|Win32
		{964D3820-F3A2-4F6C-880C-B86B1476F8C9}.Release|x64.ActiveCfg = Release|x64
		{964D3820-F3A2-4F6C-880C-B86B1476F8C9}.Release|x64.Build.0 = Release|x64
		{964D3820-F3A2-4F6C-880C-B86B1476F8C9}.Release|x86.ActiveCfg = Release|Win32
		{964D3820-F3A2-4F6C-880C-B86B1476F8C9}.Release|x86.Build.0 = Release|Win32
		{1A5C7C07-A304-4AEF-90FB-A69C223F0FC1}.Debug|x64.ActiveCfg = Debug|x64
		{1A5C7C07-A304-4AEF-90FB-A69C223F0FC1}.Debug|x64.Build.0 = Debug|x64
		{1A5C7C07-A304-4AEF-90FB-A69C223F0FC1}.Debug|x86.ActiveCfg = Debug|Win32
		{1A5C7C07-A304-4AEF-90FB-A69C223F0FC1}.Debug|x86.Build.0 = Debug|Win32
		{1A5C7C07-A304-4AEF-90FB-A69C223F0FC1}.Release|x64.ActiveCfg = Release|x64
		{1A5C7C07-A304-4AEF-90FB-A69C223F0FC1}.Release|x64.Build.0 = Release|x64
		{1A5C7C07-A304-4AEF-90FB-A69C223F0FC1}.Release|x86.ActiveCfg = Release|Win32
		{1A5C7C07-A304-4AEF-90FB-A69C223F0FC1}.Release|x86.Build.0 = Release|Win32
		{DD6803FC-63BC-4641-91AA-82A4EFCC5A6C}.Debug|x64.ActiveCfg = Debug|x64
		{DD6803FC-63BC-4641-91AA-82A4EFCC5A6C}.Debug|x64.Build.0 = Debug|x64
		{DD6803FC-63BC-4641-91AA-82A4EFCC5A6C}.Debug|x86.ActiveCfg = Debug|Win32
		{DD6803FC-63BC-4641-91AA-82A4EFCC5A6C}.Debug|x86.Build.0 = Debug|Win32
		{DD6803FC-63BC-4641-91AA-82A4EFCC5A6C}.Release|x64.ActiveCfg = Release|x64
		{DD6803FC-63BC-4641-91AA-82A4EFCC5A6C}.Release|x64.Build.0 = Release|x64
		{DD6803FC-63BC-4641-91AA-82A4EFCC5A6C}.Release|x86.ActiveCfg = Release|Win32
		{DD6803FC-63BC-4641-91AA-82A4EFCC5A6C}.Release|x86.Build.0 = Release|Win32
		{F9108400-DE2E-4DF2-B364-DFE755D5868A}.Debug|x64.ActiveCfg = Debug|x64
		{F9108400-DE2E-4DF2-B364-DFE755D5868A}.Debug|x64.Build.0 = Debug|x64
		{F9108400-DE2E-4DF2-B364-DFE755D5868A}.Debug|x86.ActiveCfg = Debug|Win32
		{F9108400-DE2E-4DF2-B364-DFE755D5868A}.Debug|x86.Build.0 = Debug|Win32
		{F9108400-DE2E-4DF2-B364-DFE755D5868A}.Release|x64.ActiveCfg = Release|x64
		{F9108400-DE2E-4DF2-B364-DFE755D5868A}.Release|x64.Build.0 = Release|x64
		{F9108400-DE2E-4DF2-B364-DFE755D5868A}.Release|x86.ActiveCfg = Release|Win32
		{F9108400-DE2E-4DF2-B364-DFE755D5868A}.Release|x86.Build.0 = Release|Win32
		{286CAFF4-7286-4AA2-AE03-6CD934A539D4}.Debug|x64.ActiveCfg = Debug|x64
		{286CAFF4-7286-4AA2-AE03-6CD934A539D4}.Debug|x64.Build.0 = Debug|x64
		{286CAFF4-7286-4AA2-AE03-6CD934A539D4}.Debug|x86.ActiveCfg = Debug|Win32
		{286CAFF4-7286-4AA2-AE03-6CD934A539D4}.Debug|x86.Build.0 = Debug|Win32
		{286CAFF4-7286-4AA2-AE03-6CD934A539D4}.Release|x64.ActiveCfg = Release|x64
		{286CAFF4-7286-4AA2-AE03-6CD934A539D4}.Release|x64.Build.0 = Release|x64
		{286CAFF4-7286-4AA2-AE03-6CD934A539D4}.Release|x86.ActiveCfg = Release|Win32
		{286CAFF4-7286-4AA2-AE03-6CD934A539D4}.Release|x86.Build.0 = Release|Win32
		{C6935EE0-773F-4889-AB4F-77D902FC3986}.Debug|x64.ActiveCfg = Debug|x64
		{C6935EE0-773F-4889-AB4F-77D902FC3986}.Debug|x64.Build.0 = Debug|x64
		{C6935EE0-773F-4889-AB4F-77D902FC3986}.Debug|x86.ActiveCfg = Debug|Win32
		{C6935EE0-773F-4889-AB4F-77D902FC3986}.Debug|x86.Build.0 = Debug|Win32
		{C6935EE0-773F-4889-AB4F-77D902FC3986}.Release|x64.ActiveCfg = Release|x64
		{C6935EE0-773F-4889-AB4F-77D902FC3986}.Release|x64.Build.0 = Release|x64
		{C6935EE0-773F-4889-AB4F-77D902FC3986}.Release|x86.ActiveCfg = Release|Win32
		{C6935EE0-773F-4889-AB4F-77D902FC3986}.Release|x86.Build.0 = Release|Win32
		{B47B6FDC-6DB2-4978-AA7E-E55AAEBA4938}.Debug|x64.ActiveCfg = Debug|x64
		{B47B6FDC-6DB2-4978-AA7E-E55AAEBA4938}.Debug|x64.Build.0 = Debug|x64
		{B47B6FDC-6DB2-4978-AA7E-E55AAEBA4938}.Debug|x86.ActiveCfg = Debug|Win32
		{B47B6FDC-6DB2-4978-AA7E-E55AAEBA4938}.Debug|x86.Build.0 = Debug|Win32
		{B47B6FDC-6DB2-4978-AA7E-E55AAEBA4938}.Release|x64.ActiveCfg = Release|x64
		{B47B6FDC-6DB2-4978-AA7E-E55AAEBA4938}.Release|x64.Build.0 = Release|x64
		{B47B6FDC-6DB2-4978-AA7E-E55AAEBA4938}.Release|x86.ActiveCfg = Release|Win32
		{B47B6FDC-6DB2-4978-AA7E-E55AAEBA4938}.Release|x86.Build.0 = Release|Win32
		{71AB25A5-0F43-4DAA-AC47-F8A8BC1E9EEC}.Debug|x64.ActiveCfg = Debug|x64
		{71AB25A5-0F43-4DAA-AC47-F8A8BC1E9EEC}.Debug|x64.Build.0 = Debug|x64
		{71AB25A5-0F43-4DAA-AC47-F8A8BC1E9EEC}.Debug|x86.ActiveCfg = Debug|Win32
		{71AB25A5-0F43-4DAA-AC47-F8A8BC1E9EEC}.Debug|x86.Build.0 = Debug|Win32
		{71AB25A5-0F43-4DAA-AC47-F8A8BC1E9EEC}.Release|x64.ActiveCfg = Release|x64
		{71AB25A5-0F43-4DAA-AC47-F8A8BC1E9EEC}.Release|x64.Build.0 = Release|x64
		{71AB25A5-0F43-4DAA-AC47-F8A8BC1E9EEC}.Release|x86.ActiveCfg = Release|Win32
		{71AB25A5-0F43-4DAA-AC47-F8A8BC1E9EEC}.Release|x86.Build.0 = Release|Win32
		{5FDE1F3A-43D0-4404-8DF4-E26D6629B6FC}.Debug|x64.ActiveCfg = Debug|x64
		{5FDE1F3A-43D0-4404-8DF4-E26D6629B6FC}.Debug|x64.Build.0 = Debug|x64
		{5FDE1F3A-43D0-4404-8DF4-E26D6629B6FC}.Debug|x86.ActiveCfg = Debug|Win32
		{5FDE1F3A-43D0-4404-8DF4-E26D6629B6FC}.Debug|x86.Build.0 = Debug|Win32
		{5FDE1F3A-43D0-4404-8DF4-E26D6629B6FC}.Release|x64.ActiveCfg = Release|x64
		{5FDE1F3A-43D0-4404-8DF4-E26D6629B6FC}.Release|x64.Build.0 = Release|x64
		{5FDE1F3A-43D0-4404-8DF4-E26D6629B6FC}.Release|x86.ActiveCfg = Release|Win32
		{5FDE1F3A-43D0-4404-8DF4-E26D6629B6FC}.Release|x86.Build.0 = Release|Win32
		{4A97CC9C-5013-42AF-8A7D-9044A96BB7B5}.Debug|x64.ActiveCfg = Debug|x64
		{4A97CC9C-5013-42AF-8A7D-9044A96BB7B5}.Debug|x64.Build.0 = Debug|x64
		{4A97CC9C-5013-42AF-8A7D-9044A96BB7B5}.Debug|x86.ActiveCfg = Debug|Win32
		{4A97CC9C-5013-42AF-8A7D-9044A96BB7B5}.Debug|x86.Build.0 = Debug|Win32
		{4A97CC9C-5013-42AF-8A7D-9044A96BB7B5}.Release|x64.ActiveCfg = Release|x64
		{4A97CC9C-5013-42AF-8A7D-9044A96BB7B5}.Release|x64.Build.0 = Release|x64
		{4A97CC9C-5013-42AF-8A7D-9044A96BB7B5}.Release|x86.ActiveCfg = Release|Win32
		{4A97CC9C-5013-42AF-8A7D-9044A96BB7B5}.Release|x86.Build.0 = Release|Win32
		{35FE7BE7-192A-4BDB-86DD-4ACC2353DDBA}.Debug|x64.ActiveCfg = Debug|x64
		{35FE7BE7-192A-4BDB-86DD-4ACC2353DDBA}.Debug|x64.Build.0 = Debug|x64
		{35FE7BE7-192A-4BDB-86DD-4ACC2353DDBA}.Debug|x86.ActiveCfg = Debug|Win32
		{35FE7BE7-192A-4BDB-86DD-4ACC2353DDBA}.Debug|x86.Build.0 = Debug|Win32
		{35FE7BE7-192A-4BDB-86DD-4ACC2353DDBA}.Release|x64.ActiveCfg = Release|x64
		{35FE7BE7-192A-4BDB-86DD-4ACC2353DDBA}.Release|x64.Build.0 = Release|x64
		{35FE7BE7-192A-4BDB-86DD-4ACC2353DDBA}.Release|x86.ActiveCfg = Release|Win32
		{35FE7BE7-192A-4BDB-86DD-4ACC2353DDBA}.Release|x86.Build.0 = Release|Win32
		{98CFDE9E-8B33-46D6-8953-1B0F5B8194B0}.Debug|x64.ActiveCfg = Debug|x64
		{98CFDE9E-8B33-46D6-8953-1B0F5B8194B0}.Debug|x64.Build.0 = Debug|x64
		{98CFDE9E-8B33-46D6-8953-1B0F5B8194B0}.Debug|x86.ActiveCfg = Debug|Win32
		{98CFDE9E-8B33-46D6-8953-1B0F5B8194B0}.Debug|x86.Build.0 = Debug|Win32
		{98CFDE9E-8B33-46D6-8953-1B0F5B8194B0}.Release|x64.ActiveCfg = Release|x64
		{98CFDE9E-8B33-46D6-8953-1B0F5B8194B0}.Release|x64.Build.0 = Release|x64
		{98CFDE9E-8B33-46D6-8953-1B0F5B8194B0}.Release|x86.ActiveCfg = Release|Win32
		{98CFDE9E-8B33-46D6-8953-1B0F5B8194B0}.Release|x86.Build.0 = Release|Win32
		{0D3AB995-426F-491C-8975-0CD62D42B600}.Debug|x64.ActiveCfg = Debug|x64
		{0D3AB995-426F-491C-8975-0CD62D42B600}.Debug|x64.Build.0 = Debug|x64
		{0D3AB995-426F-491C-8975-0CD62D42B600}.Debug|x86.ActiveCfg = Debug|Win32
		{0D3AB995-426F-491C-8975-0CD62D42B600}.Debug|x86.Build.0 = Debug|Win32
		{0D3AB995-426F-491C-8975-0CD62D42B600}.Release|x64.ActiveCfg = Release|x64
		{0D3AB995-426F-491C-8975-0CD62D42B600}.Release|x64.Build.0 = Release|x64
		{0D3AB995-426F-491C-8975-0CD62D42B600}.Release|x86.ActiveCfg = Release|Win32
		{0D3AB995-426F-491C-8975-0CD62D42B600}.Release|x86.Build.0 = Release|Win32
		{F6B75E73-687B-4AB3-93C0-13AE1DF94A9F}.Debug|x64.ActiveCfg = Debug|x64
		{F6B75E73-687B-4AB3-93C0-13AE1DF94A9F}.Debug|x64.Build.0 = Debug|x64
		{F6B75E73-687B-4AB3-93C0-13AE1DF94A9F}.Debug|x86.ActiveCfg = Debug|Win32
		{F6B75E73-687B-4AB3-93C0-13AE1DF94A9F}.Debug|x86.Build.0 = Debug|Win32
		{F6B75E73-687B-4AB3-93C0-13AE1DF94A9F}.Release|x64.ActiveCfg = Release|x64
		{F6B75E73-687B-4AB3-93C0-13AE1DF94A9F}.Release|x64.Build.0 = Release|x64
		{F6B75E73-687B-4AB3-93C0-13AE1DF94A9F}.Release|x86.ActiveCfg = Release|Win32
		{F6B75E73-687B-4AB3-93C0-13AE1DF94A9F}.Release|x86.Build.0 = Release|Win32
		{A4032210-9856-4719-BF0C-79D2F81C6B40}.Debug|x64.ActiveCfg = Debug|x64
		{A4032210-9856-4719-BF0C-79D2F81C6B40}.Debug|x64.Build.0 = Debug|x64
		{A4032210-9856-4719-BF0C-79D2F81C6B40}.Debug|x86.ActiveCfg = Debug|Win32
		{A4032210-9856-4719-BF0C-79D2F81C6B40}.Debug|x86.Build.0 = Debug|Win32
		{A4032210-9856-4719-BF0C-79D2F81C6B40}.Release|x64.ActiveCfg = Release|x64
		{A4032210-9856-4719-BF0C-79D2F81C6B40}.Release|x64.Build.0 = Release|x64
		{A4032210-9856-4719-BF0C-79D2F81C6B40}.Release|x86.ActiveCfg = Release|Win32
		{A4032210-9856-4719-BF0C-79D2F81C6B40}.Release|x86.Build.0 = Release|Win32
		{737CF8B1-0033-4540-9755-9754E8914748}.Debug|x64.ActiveCfg = Debug|x64
		{737CF8B1-0033-4540-9755-9754E8914748}.Debug|x64.Build.0 = Debug|x64
		{737CF8B1-0033-4540-9755-9754E8914748}.Debug|x86.ActiveCfg = Debug|Win32
		{737CF8B1-0033-4540-9755-9754E8914748}.Debug|x86.Build.0 = Debug|Win32
		{737CF8B1-0033-4540-9755-9754E8914748}.Release|x64.ActiveCfg = Release|x64
		{737CF8B1-0033-4540-9755-9754E8914748}.Release|x64.Build.0 = Release|x64
		{737CF8B1-0033-4540-9755-9754E8914748}.Release|x86.ActiveCfg = Release|Win32
		{737CF8B1-0033-4540-9755-9754E8914748}.Release|x86.Build.0 = Release|Win32
		{01D5C288-5A76-437A-8DE3-940B770C5E92}.Debug|x64.ActiveCfg = Debug|x64
		{01D5C288-5A76-437A-8DE3-940B770C5E92}.Debug|x64.Build.0 = Debug|x64
		{01D5C288-5A76-437A-8DE3-940B770C5E92}.Debug|x86.ActiveCfg = Debug|Win32
		{01D5C288-5A76-437A-8DE3-940B770C5E92}.Debug|x86.Build.0 = Debug|Win32
		{01D5C288-5A76-437A-8DE3-940B770C5E92}.Release|x64.ActiveCfg = Release|x64
		{01D5C288-5A76-437A-8DE3-940B770C5E92}.Release|x64.Build.0 = Release|x64
		{01D5C288-5A76-437A-8DE3-940B770C5E92}.Release|x86.ActiveCfg = Release|Win32
		{01D5C288-5A76-437A-8DE3-940B770C5E92}.Release|x86.Build.0 = Release|Win32
		{92C905D1-15A9-4157-8FE2-AE40199CCC8C}.Debug|x64.ActiveCfg = Debug|x64
		{92C905D1-15A9-4157-8FE2-AE40199CCC8C}.Debug|x64.Build.0 = Debug|x64
		{92C905D1-15A9-4157-8FE2-AE40199CCC8C}.Debug|x86.ActiveCfg = Debug|Win32
		{92C905D1-15A9-4157-8FE2-AE40199CCC8C}.Debug|x86.Build.0 = Debug|Win32
		{92C905D1-15A9-4157-8FE2-AE40199CCC8C}.Release|x64.ActiveCfg = Release|x64
		{92C905D1-15A9-4157-8FE2-AE40199CCC8C}.Release|x64.Build.0 = Release|x64
		{92C905D1-15A9-4157-8FE2-AE40199CCC8C}.Release|x86.ActiveCfg = Release|Win32
		{92C905D1-15A9-4157-8FE2-AE40199CCC8C}.Release|x86.Build.0 = Release|Win32
		{DC490BC9-F009-44E3-B704-CDA6389B9F7C}.Debug|x64.ActiveCfg = Debug|x64
		{DC490BC9-F009-44E3-B704-CDA6389B9F7C}.Debug|x64.Build.0 = Debug|x64
		{DC490BC9-F009-44E3-B704-CDA6389B9F7C}.Debug|x86.ActiveCfg = Debug|Win32
		{DC490BC9-F009-44E3-B704-CDA6389B9F7C}.Debug|x86.Build.0 = Debug|Win32
		{DC490BC9-F009-44E3-B704-CDA6389B9F7C}.Release|x64.ActiveCfg = Release|x64
		{DC490BC9-F009-44E3-B704-CDA6389B9F7C}.Release|x64.Build.0 = Release|x64
		{DC490BC9-F009-44E3-B704-CDA6389B9F7C}.Release|x86.ActiveCfg = Release|Win32
		{DC490BC9-F009-44E3-B704-CDA6389B9F7C}.Release|x86.Build.0 = Release|Win32
		{1BC3EAB4-23EC-4516-9217-62F85BB2699F}.Debug|x64.ActiveCfg = Debug|x64
		{1BC3EAB4-23EC-4516-9217-62F85BB2699F}.Debug|x64.Build.0 = Debug|x64
		{1BC3EAB4-23EC-4516-9217-62F85BB2699F}.Debug|x86.ActiveCfg = Debug|Win32
		{1BC3EAB4-23EC-4516-9217-62F85BB2699F}.Debug|x86.Build.0 = Debug|Win32
		{1BC3EAB4-23EC-4516-9217-62F85BB2699F}.Release|x64.ActiveCfg = Release|x64
		{1BC3EAB4-23EC-4516-9217-62F85BB2699F}.Release|x64.Build.0 = Release|x64
		{1BC3EAB4-23EC-4516-9217-62F85BB2699F}.Release|x86.ActiveCfg = Release|Win32
		{1BC3EAB4-23EC-4516-9217-62F85BB2699F}.Release|x86.Build.0 = Release|Win32
		{8D179190-57C6-4D0B-A769-69B4DD8BFE7E}.Debug|x64.ActiveCfg = Debug|x64
		{8D179190-57C6-4D0B-A769-69B4DD8BFE7E}.Debug|x64.Build.0 = Debug|x64
		{8D179190-57C6-4D0B-A769-69B4DD8BFE7E}.Debug|x86.ActiveCfg = Debug|Win32
		{8D179190-57C6-4D0B-A769-69B4DD8BFE7E}.Debug|x86.Build.0 = Debug|Win32
		{8D179190-57C6-4D0B-A769-69B4DD8BFE7E}.Release|x64.ActiveCfg = Release|x64
		{8D179190-57C6-4D0B-A769-69B4DD8BFE7E}.Release|x64.Build.0 = Release|x64
		{8D179190-57C6-4D0B-A769-69B4DD8BFE7E}.Release|x86.ActiveCfg = Release|Win32
		{8D179190-57C6-4D0B-A769-69B4DD8BFE7E}.Release|x86.Build.0 = Release|Win32
		{2FB3379E-86B7-48D8-BEBE-0DB73A88F405}.Debug|x64.ActiveCfg = Debug|x64
		{2FB3379E-86B7-48D8-BEBE-0DB73A88F405}.Debug|x64.Build.0 = Debug|x64
		{2FB3379E-86B7-48D8-BEBE-0DB73A88F405}.Debug|x86.ActiveCfg = Debug|Win32
		{2FB3379E-86B7-48D8-BEBE-0DB73A88F405}.Debug|x86.Build.0 = Debug|Win32
		{2FB3379E-86B7-48D8-BEBE-0DB73A88F405}.Release|x64.ActiveCfg = Release|x64
		{2FB3379E-86B7-48D8-BEBE-0DB73A88F405}.Release|x64.Build.0 = Release|x64
		{2FB3379E-86B7-48D8-BEBE-0DB73A88F405}.Release|x86.ActiveCfg = Release|Win32
		{2FB3379E-86B7-48D8-BEBE-0DB73A88F405}.Release|x86.Build.0 = Release|Win32
		{3D1CC16A-5D6A-4B6D-9492-3981FFD9C973}.Debug|x64.ActiveCfg = Debug|x64
		{3D1CC16A-5D6A-4B6D-9492-3981FFD9C973}.Debug|x64.Build.0 = Debug|x64
		{3D1CC16A-5D6A-4B6D-9492-3981FFD9C973}.Debug|x86.ActiveCfg = Debug|Win32
		{3D1CC16A-5D6A-4B6D-9492-3981FFD9C973}.Debug|x86.Build.0 = Debug|Win32
		{3D1CC16A-5D6A-4B6D-9492-3981FFD9C973}.Release|x64.ActiveCfg = Release|x64
		{3D1CC16A-5D6A-4B6D-9492-3981FFD9C973}.Release|x64.Build.0 = Release|x64
		{3D1CC16A-5D6A-4B6D-9492-3981FFD9C973}.Release|x86.ActiveCfg = Release|Win32
		{3D1CC16A-5D6A-4B6D-9492-3981FFD9C973}.Release|x86.Build.0 = Release|Win32
		{041A8E6F-98B9-4647-B273-4924BB013C3A}.Debug|x64.ActiveCfg = Debug|x64
		{041A8E6F-98B9-4647-B273-4924BB013C3A}.Debug|x64.Build.0 = Debug|x64
		{041A8E6F-98B9-4647-B273-4924BB013C3A}.Debug|x86.ActiveCfg = Debug|Win32
		{041A8E6F-98B9-4647-B273-4924BB013C3A}.Debug|x86.Build.0 = Debug|Win32
		{041A8E6F-98B9-4647-B273-4924BB013C3A}.Release|x64.ActiveCfg = Release|x64
		{041A8E6F-98B9-4647-B273-4924BB013C3A}.Release|x64.Build.0 = Release|x64
		{041A8E6F-98B9-4647-B273-4924BB013C3A}.Release|x86.ActiveCfg = Release|Win32
		{041A8E6F-98B9-4647-B273-4924BB013C3A}.Release|x86.Build.0 = Release|Win32
		{A4DAB82B-F5DE-4976-98B1-6A28EC5B9FFE}.Debug|x64.ActiveCfg = Debug|x64
		{A4DAB82B-F5DE-4976-98B1-6A28EC5B9FFE}.Debug|x64.Build.0 = Debug|x64
		{A4DAB82B-F5DE-4976-98B1-6A28EC5B9FFE}.Debug|x86.ActiveCfg = Debug|Win32
		{A4DAB82B-F5DE-4976-98B1-6A28EC5B9FFE}.Debug|x86.Build.0 = Debug|Win32
		{A4DAB82B-F5DE-4976-98B1-6A28EC5B9FFE}.Release|x64.ActiveCfg = Release|x64
		{A4DAB82B-F5DE-4976-98B1-6A28EC5B9FFE}.Release|x64.Build.0 = Release|x64
		{A4DAB82B-F5DE-4976-98B1-6A28EC5B9FFE}.Release|x86.ActiveCfg = Release|Win32
		{A4DAB82B-F5DE-4976-98B1-6A28EC5B9FFE}.Release|x86.Build.0 = Release|Win32
		{2F0B8739-B1D1-4F6C-9552-EC367191117E}.Debug|x64.ActiveCfg = Debug|x64
		{2F0B8739-B1D1-4F6C-9552-EC367191117E}.Debug|x64.Build.0 = Debug|x64
		{2F0B8739-B1D1-4F6C-9552-EC367191117E}.Debug|x86.ActiveCfg = Debug|Win32
		{2F0B8739-B1D1-4F6C-9552-EC367191117E}.Debug|x86.Build.0 = Debug|Win32
		{2F0B8739-B1D1-4F6C-9552-EC367191117E}.Release|x64.ActiveCfg = Release|x64
		{2F0B8739-B1D1-4F6C-9552-EC367191117E}.Release|x64.Build.0 = Release|x64
		{2F0B8739-B1D1-4F6C-9552-EC367191117E}.Release|x86.ActiveCfg = Release|Win32
		{2F0B8739-B1D1-4F6C-9552-EC367191117E}.Release|x86.Build.0 = Release|Win32
		{E094177E-0D3A-43CE-89C8-D402A04692C2}.Debug|x64.ActiveCfg = Debug|x64
		{E094177E-0D3A-43CE-89C8-D402A04692C2}.Debug|x64.Build.0 = Debug|x64
		{E094177E-0D3A-43CE-89C8-D402A04692C2}.Debug|x86.ActiveCfg = Debug|Win32
		{E094177E-0D3A-43CE-89C8-D402A04692C2}.Debug|x86.Build.0 = Debug|Win32
		{E094177E-0D3A-43CE-89C8-D402A04692C2}.Release|x64.ActiveCfg = Release|x64
		{E094177E-0D3A-43CE-89C8-D402A04692C2}.Release|x64.Build.0 = Release|x64
		{E094177E-0D3A-43CE-89C8-D402A04692C2}.Release|x86.ActiveCfg = Release|Win32
		{E094177E-0D3A-43CE-89C8-D402A04692C2}.Release|x86.Build.0 = Release|Win32
		{D143765E-013D-49BD-9231-64477D990267}.Debug|x64.ActiveCfg = Debug|x64
		{D143765E-013D-49BD-9231-64477D990267}.Debug|x64.Build.0 = Debug|x64
		{D143765E-013D-49BD-9231-64477D990267}.Debug|x86.ActiveCfg = Debug|Win32
		{D143765E-013D-49BD-9231-64477D990267}.Debug|x86.Build.0 = Debug|Win32
		{D143765E-013D-49BD-9231-64477D990267}.Release|x64.ActiveCfg = Release|x64
		{D143765E-013D-49BD-9231-64477D990267}.Release|x64.Build.0 = Release|x64
		{D143765E-013D-49BD-9231-64477D990267}.Release|x86.ActiveCfg = Release|Win32
		{D143765E-013D-49BD-9231-64477D990267}.Release|x86.Build.0 = Release|Win32
		{9B0E5EFF-57F9-4D94-ABA3-F39FA8631F0E}.Debug|x64.ActiveCfg = Debug|x64
		{9B0E5EFF-57F9-4D94-ABA3-F39FA8631F0E}.Debug|x64.Build.0 = Debug|x64
		{9B0E5EFF-57F9-4D94-ABA3-F39FA8631F0E}.Debug|x86.ActiveCfg = Debug|Win32
		{9B0E5EFF-57F9-4D94-ABA3-F39FA8631F0E}.Debug|x86.Build.0 = Debug|Win32
		{9B0E5EFF-57F9-4D94-ABA3-F39FA8631F0E}.Release|x64.ActiveCfg = Release|x64
		{9B0E5EFF-57F9-4D94-ABA3-F39FA8631F0E}.Release|x64.Build.0 = Release|x64
		{9B0E5EFF-57F9-4D94-ABA3-F39FA8631F0E}.Release|x86.ActiveCfg = Release|Win32
		{9B0E5EFF-57F9-4D94-ABA3-F39FA8631F0E}.Release|x86.Build.0 = Release|Win32
	EndGlobalSection
	GlobalSection(SolutionProperties) = preSolution
		HideSolutionNode = FALSE
	EndGlobalSection
	GlobalSection(ExtensibilityGlobals) = postSolution
		SolutionGuid = {6A23A249-E1BE-48A3-8FEB-DA8CC5A91E4C}
	EndGlobalSection
EndGlobal
