<?xml version="1.0" encoding="utf-8"?>
<Project ToolsVersion="4.0" xmlns="http://schemas.microsoft.com/developer/msbuild/2003">
  <ItemGroup>
    <ClCompile Include="main.cpp" />
    <ClCompile Include="..\Lib\omptimer.cpp">
      <Filter>Lib</Filter>
    </ClCompile>
    <ClCompile Include="..\Lib\windowstimer.cpp">
      <Filter>Lib</Filter>
    </ClCompile>
    <ClCompile Include="..\Lib\log.cpp">
      <Filter>Lib</Filter>
    </ClCompile>
  </ItemGroup>
  <ItemGroup>
    <ClInclude Include="..\Lib\log.hpp">
      <Filter>Lib</Filter>
    </ClInclude>
    <ClInclude Include="..\Lib\omptimer.hpp">
      <Filter>Lib</Filter>
    </ClInclude>
    <ClInclude Include="..\Lib\timerbase.hpp">
      <Filter>Lib</Filter>
    </ClInclude>
    <ClInclude Include="..\Lib\windowstimer.hpp">
      <Filter>Lib</Filter>
    </ClInclude>
  </ItemGroup>
  <ItemGroup>
    <Filter Include="Lib">
      <UniqueIdentifier>{4141f61d-c4a5-4ddf-88c8-c3edd513d59a}</UniqueIdentifier>
    </Filter>
  </ItemGroup>
  <ItemGroup>
    <Text Include="CMakeLists.txt" />
    <Text Include="readme.txt" />
  </ItemGroup>
</Project>