<?xml version="1.0" encoding="utf-8"?>
<Project ToolsVersion="4.0" xmlns="http://schemas.microsoft.com/developer/msbuild/2003">
  <ItemGroup>
    <ClCompile Include="main.cpp" />
    <ClCompile Include="..\..\..\Lib\log.cpp">
      <Filter>`Lib</Filter>
    </ClCompile>
  </ItemGroup>
  <ItemGroup>
    <Filter Include="`Lib">
      <UniqueIdentifier>{57c726d1-2340-41e1-8696-c49f8996c86b}</UniqueIdentifier>
    </Filter>
  </ItemGroup>
  <ItemGroup>
    <ClInclude Include="..\..\..\Lib\log.hpp">
      <Filter>`Lib</Filter>
    </ClInclude>
  </ItemGroup>
</Project>