<?xml version="1.0" encoding="utf-8"?>
<Project ToolsVersion="4.0" xmlns="http://schemas.microsoft.com/developer/msbuild/2003">
  <ItemGroup>
    <ClCompile Include="main.cpp" />
    <ClCompile Include="robot.cpp" />
  </ItemGroup>
  <ItemGroup>
    <ClInclude Include="robot.hpp" />
    <ClInclude Include="..\..\..\Lib\log.hpp">
      <Filter>Lib</Filter>
    </ClInclude>
  </ItemGroup>
  <ItemGroup>
    <Filter Include="Lib">
      <UniqueIdentifier>{3cc81d62-f0d1-4d5d-8c8f-590fa3a8587a}</UniqueIdentifier>
    </Filter>
  </ItemGroup>
</Project>