
Microsoft Visual Studio Solution File, Format Version 12.00
# Visual Studio Version 17
VisualStudioVersion = 17.14.36414.22
MinimumVisualStudioVersion = 10.0.40219.1
Project("{8BC9CEB8-8B4A-11D0-8D11-00A0C91BC942}") = "workshop", "workshop\workshop.vcxproj", "{F1900330-1E08-4897-A634-4F51F790DD56}"
EndProject
Project("{8BC9CEB8-8B4A-11D0-8D11-00A0C91BC942}") = "AsyncExample", "AsyncExample\AsyncExample.vcxproj", "{BF031FD9-277E-43BE-9CD1-EF2389C7EA71}"
EndProject
Project("{8BC9CEB8-8B4A-11D0-8D11-00A0C91BC942}") = "NoAsyncExample", "NoAsyncExample\NoAsyncExample.vcxproj", "{E409D6D7-3EC2-4FC8-84BC-4A42F4362E5C}"
EndProject
Project("{8BC9CEB8-8B4A-11D0-8D11-00A0C91BC942}") = "OpenMPExample", "OpenMPExample\OpenMPExample.vcxproj", "{A4640D6B-95EC-40B5-99FE-26DFD3901536}"
EndProject
Project("{8BC9CEB8-8B4A-11D0-8D11-00A0C91BC942}") = "fibonacci", "fibonacci\fibonacci .vcxproj", "{0375D7EF-D168-4A3B-8FCB-B5CBAE62AE01}"
EndProject
Project("{8BC9CEB8-8B4A-11D0-8D11-00A0C91BC942}") = "OpenMPFibonacci", "OpenMPFibonacci\OpenMPFibonacci.vcxproj", "{93E679B9-67CB-48BF-8BED-0304487282E3}"
EndProject
Project("{8BC9CEB8-8B4A-11D0-8D11-00A0C91BC942}") = "ThreadingExampleMutex", "ThreadingExampleMutex\ThreadingExampleMutex.vcxproj", "{40A8E54B-DDA5-4A39-ADA8-C4968DBDDD71}"
EndProject
Project("{8BC9CEB8-8B4A-11D0-8D11-00A0C91BC942}") = "ThreadingExampleSemaphore", "ThreadingExampleSemaphore\ThreadingExampleSemaphore.vcxproj", "{7ADC80B2-13AD-4611-814C-B1463E2683A0}"
EndProject
Project("{8BC9CEB8-8B4A-11D0-8D11-00A0C91BC942}") = "ThreadingExampleCustomSemaphore", "ThreadingExampleCustomSemaphore\ThreadingExampleCustomSemaphore.vcxproj", "{66994FF5-A891-44D8-B4B5-374C3AB066C2}"
EndProject
Project("{8BC9CEB8-8B4A-11D0-8D11-00A0C91BC942}") = "ThreadingExampleConditionVariables", "ThreadingExampleConditionVariables\ThreadingExampleConditionVariables.vcxproj", "{7BE39054-F89D-4B22-8437-8BA1A20445EE}"
EndProject
Project("{8BC9CEB8-8B4A-11D0-8D11-00A0C91BC942}") = "ThreadingExampleBarrier", "ThreadingExampleBarrier\ThreadingExampleBarrier.vcxproj", "{DDC1C37A-F1D1-406F-B160-8008884942FC}"
EndProject
Project("{8BC9CEB8-8B4A-11D0-8D11-00A0C91BC942}") = "OpenMPMatrix", "OpenMPMatrix\OpenMPMatrix.vcxproj", "{BB6753CE-3DFF-47EA-A4AD-40E1F05D4035}"
EndProject
Global
	GlobalSection(SolutionConfigurationPlatforms) = preSolution
		Debug|x64 = Debug|x64
		Debug|x86 = Debug|x86
		Release|x64 = Release|x64
		Release|x86 = Release|x86
	EndGlobalSection
	GlobalSection(ProjectConfigurationPlatforms) = postSolution
		{F1900330-1E08-4897-A634-4F51F790DD56}.Debug|x64.ActiveCfg = Debug|x64
		{F1900330-1E08-4897-A634-4F51F790DD56}.Debug|x64.Build.0 = Debug|x64
		{F1900330-1E08-4897-A634-4F51F790DD56}.Debug|x86.ActiveCfg = Debug|Win32
		{F1900330-1E08-4897-A634-4F51F790DD56}.Debug|x86.Build.0 = Debug|Win32
		{F1900330-1E08-4897-A634-4F51F790DD56}.Release|x64.ActiveCfg = Release|x64
		{F1900330-1E08-4897-A634-4F51F790DD56}.Release|x64.Build.0 = Release|x64
		{F1900330-1E08-4897-A634-4F51F790DD56}.Release|x86.ActiveCfg = Release|Win32
		{F1900330-1E08-4897-A634-4F51F790DD56}.Release|x86.Build.0 = Release|Win32
		{BF031FD9-277E-43BE-9CD1-EF2389C7EA71}.Debug|x64.ActiveCfg = Debug|x64
		{BF031FD9-277E-43BE-9CD1-EF2389C7EA71}.Debug|x64.Build.0 = Debug|x64
		{BF031FD9-277E-43BE-9CD1-EF2389C7EA71}.Debug|x86.ActiveCfg = Debug|Win32
		{BF031FD9-277E-43BE-9CD1-EF2389C7EA71}.Debug|x86.Build.0 = Debug|Win32
		{BF031FD9-277E-43BE-9CD1-EF2389C7EA71}.Release|x64.ActiveCfg = Release|x64
		{BF031FD9-277E-43BE-9CD1-EF2389C7EA71}.Release|x64.Build.0 = Release|x64
		{BF031FD9-277E-43BE-9CD1-EF2389C7EA71}.Release|x86.ActiveCfg = Release|Win32
		{BF031FD9-277E-43BE-9CD1-EF2389C7EA71}.Release|x86.Build.0 = Release|Win32
		{E409D6D7-3EC2-4FC8-84BC-4A42F4362E5C}.Debug|x64.ActiveCfg = Debug|x64
		{E409D6D7-3EC2-4FC8-84BC-4A42F4362E5C}.Debug|x64.Build.0 = Debug|x64
		{E409D6D7-3EC2-4FC8-84BC-4A42F4362E5C}.Debug|x86.ActiveCfg = Debug|Win32
		{E409D6D7-3EC2-4FC8-84BC-4A42F4362E5C}.Debug|x86.Build.0 = Debug|Win32
		{E409D6D7-3EC2-4FC8-84BC-4A42F4362E5C}.Release|x64.ActiveCfg = Release|x64
		{E409D6D7-3EC2-4FC8-84BC-4A42F4362E5C}.Release|x64.Build.0 = Release|x64
		{E409D6D7-3EC2-4FC8-84BC-4A42F4362E5C}.Release|x86.ActiveCfg = Release|Win32
		{E409D6D7-3EC2-4FC8-84BC-4A42F4362E5C}.Release|x86.Build.0 = Release|Win32
		{A4640D6B-95EC-40B5-99FE-26DFD3901536}.Debug|x64.ActiveCfg = Debug|x64
		{A4640D6B-95EC-40B5-99FE-26DFD3901536}.Debug|x64.Build.0 = Debug|x64
		{A4640D6B-95EC-40B5-99FE-26DFD3901536}.Debug|x86.ActiveCfg = Debug|Win32
		{A4640D6B-95EC-40B5-99FE-26DFD3901536}.Debug|x86.Build.0 = Debug|Win32
		{A4640D6B-95EC-40B5-99FE-26DFD3901536}.Release|x64.ActiveCfg = Release|x64
		{A4640D6B-95EC-40B5-99FE-26DFD3901536}.Release|x64.Build.0 = Release|x64
		{A4640D6B-95EC-40B5-99FE-26DFD3901536}.Release|x86.ActiveCfg = Release|Win32
		{A4640D6B-95EC-40B5-99FE-26DFD3901536}.Release|x86.Build.0 = Release|Win32
		{0375D7EF-D168-4A3B-8FCB-B5CBAE62AE01}.Debug|x64.ActiveCfg = Debug|x64
		{0375D7EF-D168-4A3B-8FCB-B5CBAE62AE01}.Debug|x64.Build.0 = Debug|x64
		{0375D7EF-D168-4A3B-8FCB-B5CBAE62AE01}.Debug|x86.ActiveCfg = Debug|Win32
		{0375D7EF-D168-4A3B-8FCB-B5CBAE62AE01}.Debug|x86.Build.0 = Debug|Win32
		{0375D7EF-D168-4A3B-8FCB-B5CBAE62AE01}.Release|x64.ActiveCfg = Release|x64
		{0375D7EF-D168-4A3B-8FCB-B5CBAE62AE01}.Release|x64.Build.0 = Release|x64
		{0375D7EF-D168-4A3B-8FCB-B5CBAE62AE01}.Release|x86.ActiveCfg = Release|Win32
		{0375D7EF-D168-4A3B-8FCB-B5CBAE62AE01}.Release|x86.Build.0 = Release|Win32
		{93E679B9-67CB-48BF-8BED-0304487282E3}.Debug|x64.ActiveCfg = Debug|x64
		{93E679B9-67CB-48BF-8BED-0304487282E3}.Debug|x64.Build.0 = Debug|x64
		{93E679B9-67CB-48BF-8BED-0304487282E3}.Debug|x86.ActiveCfg = Debug|Win32
		{93E679B9-67CB-48BF-8BED-0304487282E3}.Debug|x86.Build.0 = Debug|Win32
		{93E679B9-67CB-48BF-8BED-0304487282E3}.Release|x64.ActiveCfg = Release|x64
		{93E679B9-67CB-48BF-8BED-0304487282E3}.Release|x64.Build.0 = Release|x64
		{93E679B9-67CB-48BF-8BED-0304487282E3}.Release|x86.ActiveCfg = Release|Win32
		{93E679B9-67CB-48BF-8BED-0304487282E3}.Release|x86.Build.0 = Release|Win32
		{40A8E54B-DDA5-4A39-ADA8-C4968DBDDD71}.Debug|x64.ActiveCfg = Debug|x64
		{40A8E54B-DDA5-4A39-ADA8-C4968DBDDD71}.Debug|x64.Build.0 = Debug|x64
		{40A8E54B-DDA5-4A39-ADA8-C4968DBDDD71}.Debug|x86.ActiveCfg = Debug|Win32
		{40A8E54B-DDA5-4A39-ADA8-C4968DBDDD71}.Debug|x86.Build.0 = Debug|Win32
		{40A8E54B-DDA5-4A39-ADA8-C4968DBDDD71}.Release|x64.ActiveCfg = Release|x64
		{40A8E54B-DDA5-4A39-ADA8-C4968DBDDD71}.Release|x64.Build.0 = Release|x64
		{40A8E54B-DDA5-4A39-ADA8-C4968DBDDD71}.Release|x86.ActiveCfg = Release|Win32
		{40A8E54B-DDA5-4A39-ADA8-C4968DBDDD71}.Release|x86.Build.0 = Release|Win32
		{7ADC80B2-13AD-4611-814C-B1463E2683A0}.Debug|x64.ActiveCfg = Debug|x64
		{7ADC80B2-13AD-4611-814C-B1463E2683A0}.Debug|x64.Build.0 = Debug|x64
		{7ADC80B2-13AD-4611-814C-B1463E2683A0}.Debug|x86.ActiveCfg = Debug|Win32
		{7ADC80B2-13AD-4611-814C-B1463E2683A0}.Debug|x86.Build.0 = Debug|Win32
		{7ADC80B2-13AD-4611-814C-B1463E2683A0}.Release|x64.ActiveCfg = Release|x64
		{7ADC80B2-13AD-4611-814C-B1463E2683A0}.Release|x64.Build.0 = Release|x64
		{7ADC80B2-13AD-4611-814C-B1463E2683A0}.Release|x86.ActiveCfg = Release|Win32
		{7ADC80B2-13AD-4611-814C-B1463E2683A0}.Release|x86.Build.0 = Release|Win32
		{66994FF5-A891-44D8-B4B5-374C3AB066C2}.Debug|x64.ActiveCfg = Debug|x64
		{66994FF5-A891-44D8-B4B5-374C3AB066C2}.Debug|x64.Build.0 = Debug|x64
		{66994FF5-A891-44D8-B4B5-374C3AB066C2}.Debug|x86.ActiveCfg = Debug|Win32
		{66994FF5-A891-44D8-B4B5-374C3AB066C2}.Debug|x86.Build.0 = Debug|Win32
		{66994FF5-A891-44D8-B4B5-374C3AB066C2}.Release|x64.ActiveCfg = Release|x64
		{66994FF5-A891-44D8-B4B5-374C3AB066C2}.Release|x64.Build.0 = Release|x64
		{66994FF5-A891-44D8-B4B5-374C3AB066C2}.Release|x86.ActiveCfg = Release|Win32
		{66994FF5-A891-44D8-B4B5-374C3AB066C2}.Release|x86.Build.0 = Release|Win32
		{7BE39054-F89D-4B22-8437-8BA1A20445EE}.Debug|x64.ActiveCfg = Debug|x64
		{7BE39054-F89D-4B22-8437-8BA1A20445EE}.Debug|x64.Build.0 = Debug|x64
		{7BE39054-F89D-4B22-8437-8BA1A20445EE}.Debug|x86.ActiveCfg = Debug|Win32
		{7BE39054-F89D-4B22-8437-8BA1A20445EE}.Debug|x86.Build.0 = Debug|Win32
		{7BE39054-F89D-4B22-8437-8BA1A20445EE}.Release|x64.ActiveCfg = Release|x64
		{7BE39054-F89D-4B22-8437-8BA1A20445EE}.Release|x64.Build.0 = Release|x64
		{7BE39054-F89D-4B22-8437-8BA1A20445EE}.Release|x86.ActiveCfg = Release|Win32
		{7BE39054-F89D-4B22-8437-8BA1A20445EE}.Release|x86.Build.0 = Release|Win32
		{DDC1C37A-F1D1-406F-B160-8008884942FC}.Debug|x64.ActiveCfg = Debug|x64
		{DDC1C37A-F1D1-406F-B160-8008884942FC}.Debug|x64.Build.0 = Debug|x64
		{DDC1C37A-F1D1-406F-B160-8008884942FC}.Debug|x86.ActiveCfg = Debug|Win32
		{DDC1C37A-F1D1-406F-B160-8008884942FC}.Debug|x86.Build.0 = Debug|Win32
		{DDC1C37A-F1D1-406F-B160-8008884942FC}.Release|x64.ActiveCfg = Release|x64
		{DDC1C37A-F1D1-406F-B160-8008884942FC}.Release|x64.Build.0 = Release|x64
		{DDC1C37A-F1D1-406F-B160-8008884942FC}.Release|x86.ActiveCfg = Release|Win32
		{DDC1C37A-F1D1-406F-B160-8008884942FC}.Release|x86.Build.0 = Release|Win32
		{BB6753CE-3DFF-47EA-A4AD-40E1F05D4035}.Debug|x64.ActiveCfg = Debug|x64
		{BB6753CE-3DFF-47EA-A4AD-40E1F05D4035}.Debug|x64.Build.0 = Debug|x64
		{BB6753CE-3DFF-47EA-A4AD-40E1F05D4035}.Debug|x86.ActiveCfg = Debug|Win32
		{BB6753CE-3DFF-47EA-A4AD-40E1F05D4035}.Debug|x86.Build.0 = Debug|Win32
		{BB6753CE-3DFF-47EA-A4AD-40E1F05D4035}.Release|x64.ActiveCfg = Release|x64
		{BB6753CE-3DFF-47EA-A4AD-40E1F05D4035}.Release|x64.Build.0 = Release|x64
		{BB6753CE-3DFF-47EA-A4AD-40E1F05D4035}.Release|x86.ActiveCfg = Release|Win32
		{BB6753CE-3DFF-47EA-A4AD-40E1F05D4035}.Release|x86.Build.0 = Release|Win32
	EndGlobalSection
	GlobalSection(SolutionProperties) = preSolution
		HideSolutionNode = FALSE
	EndGlobalSection
	GlobalSection(ExtensibilityGlobals) = postSolution
		SolutionGuid = {42D4A082-3555-4922-B4E4-88AA049EE8A4}
	EndGlobalSection
EndGlobal
