<?xml version="1.0" encoding="utf-8"?>
<Project ToolsVersion="4.0" xmlns="http://schemas.microsoft.com/developer/msbuild/2003">
  <ItemGroup>
    <ClCompile Include="main.cpp" />
    <ClCompile Include="..\..\..\Lib\chronotimer.cpp">
      <Filter>Lib</Filter>
    </ClCompile>
    <ClCompile Include="..\..\..\Lib\omptimer.cpp">
      <Filter>Lib</Filter>
    </ClCompile>
    <ClCompile Include="..\..\..\Lib\log.cpp">
      <Filter>Lib</Filter>
    </ClCompile>
  </ItemGroup>
  <ItemGroup>
    <Filter Include="Lib">
      <UniqueIdentifier>{cac37e33-60ca-4a10-8598-d02213858013}</UniqueIdentifier>
    </Filter>
  </ItemGroup>
  <ItemGroup>
    <Text Include="CMakeLists.txt" />
    <Text Include="readme.txt" />
  </ItemGroup>
  <ItemGroup>
    <ClInclude Include="..\..\..\Lib\chronotimer.hpp">
      <Filter>Lib</Filter>
    </ClInclude>
    <ClInclude Include="..\..\..\Lib\log.hpp">
      <Filter>Lib</Filter>
    </ClInclude>
    <ClInclude Include="..\..\..\Lib\omptimer.hpp">
      <Filter>Lib</Filter>
    </ClInclude>
    <ClInclude Include="..\..\..\Lib\timerbase.hpp">
      <Filter>Lib</Filter>
    </ClInclude>
  </ItemGroup>
</Project>